// !$*UTF8*$!
{
	archiveVersion = 1;
	classes = {
	};
	objectVersion = 46;
	objects = {

/* Begin PBXBuildFile section */
		61FE0DE61DDD48E60045E980 /* main.m in Sources */ = {isa = PBXBuildFile; fileRef = 61FE0DE51DDD48E60045E980 /* main.m */; };
		61FE0DE91DDD48E60045E980 /* AppDelegate.m in Sources */ = {isa = PBXBuildFile; fileRef = 61FE0DE81DDD48E60045E980 /* AppDelegate.m */; };
		61FE0DF11DDD48E60045E980 /* Assets.xcassets in Resources */ = {isa = PBXBuildFile; fileRef = 61FE0DF01DDD48E60045E980 /* Assets.xcassets */; };
		61FE0DF41DDD48E60045E980 /* LaunchScreen.storyboard in Resources */ = {isa = PBXBuildFile; fileRef = 61FE0DF21DDD48E60045E980 /* LaunchScreen.storyboard */; };
		61FE0DFF1DDD48E60045E980 /* FMDBManagerExampleTests.m in Sources */ = {isa = PBXBuildFile; fileRef = 61FE0DFE1DDD48E60045E980 /* FMDBManagerExampleTests.m */; };
		61FE0E0A1DDD48E60045E980 /* FMDBManagerExampleUITests.m in Sources */ = {isa = PBXBuildFile; fileRef = 61FE0E091DDD48E60045E980 /* FMDBManagerExampleUITests.m */; };
		61FE0E1C1DDD49120045E980 /* FMDBAssistant.m in Sources */ = {isa = PBXBuildFile; fileRef = 61FE0E191DDD49120045E980 /* FMDBAssistant.m */; };
		61FE0E1D1DDD49120045E980 /* FMDBManager.m in Sources */ = {isa = PBXBuildFile; fileRef = 61FE0E1B1DDD49120045E980 /* FMDBManager.m */; };
		61FE0E241DDD4BAF0045E980 /* ChildrenInfos.m in Sources */ = {isa = PBXBuildFile; fileRef = 61FE0E1F1DDD4BAF0045E980 /* ChildrenInfos.m */; };
		61FE0E251DDD4BAF0045E980 /* ViewController1.m in Sources */ = {isa = PBXBuildFile; fileRef = 61FE0E211DDD4BAF0045E980 /* ViewController1.m */; };
		61FE0E261DDD4BAF0045E980 /* ViewController2.m in Sources */ = {isa = PBXBuildFile; fileRef = 61FE0E231DDD4BAF0045E980 /* ViewController2.m */; };
		61FE0E291DDD4C1D0045E980 /* Main.storyboard in Resources */ = {isa = PBXBuildFile; fileRef = 61FE0E271DDD4C1D0045E980 /* Main.storyboard */; };
		61FE0E2B1DDD4C8A0045E980 /* ChildrenInfos.plist in Resources */ = {isa = PBXBuildFile; fileRef = 61FE0E2A1DDD4C8A0045E980 /* ChildrenInfos.plist */; };
		80A3331F49201BFEAF11C411 /* libPods-FMDBManagerExample.a in Frameworks */ = {isa = PBXBuildFile; fileRef = 1DA25B2C4015B34B8E887DFC /* libPods-FMDBManagerExample.a */; };
/* End PBXBuildFile section */

/* Begin PBXContainerItemProxy section */
		61FE0DFB1DDD48E60045E980 /* PBXContainerItemProxy */ = {
			isa = PBXContainerItemProxy;
			containerPortal = 61FE0DD91DDD48E60045E980 /* Project object */;
			proxyType = 1;
			remoteGlobalIDString = 61FE0DE01DDD48E60045E980;
			remoteInfo = FMDBManagerExample;
		};
		61FE0E061DDD48E60045E980 /* PBXContainerItemProxy */ = {
			isa = PBXContainerItemProxy;
			containerPortal = 61FE0DD91DDD48E60045E980 /* Project object */;
			proxyType = 1;
			remoteGlobalIDString = 61FE0DE01DDD48E60045E980;
			remoteInfo = FMDBManagerExample;
		};
/* End PBXContainerItemProxy section */

/* Begin PBXFileReference section */
		1DA25B2C4015B34B8E887DFC /* libPods-FMDBManagerExample.a */ = {isa = PBXFileReference; explicitFileType = archive.ar; includeInIndex = 0; path = "libPods-FMDBManagerExample.a"; sourceTree = BUILT_PRODUCTS_DIR; };
		61FE0DE11DDD48E60045E980 /* FMDBManagerExample.app */ = {isa = PBXFileReference; explicitFileType = wrapper.application; includeInIndex = 0; path = FMDBManagerExample.app; sourceTree = BUILT_PRODUCTS_DIR; };
		61FE0DE51DDD48E60045E980 /* main.m */ = {isa = PBXFileReference; lastKnownFileType = sourcecode.c.objc; path = main.m; sourceTree = "<group>"; };
		61FE0DE71DDD48E60045E980 /* AppDelegate.h */ = {isa = PBXFileReference; lastKnownFileType = sourcecode.c.h; path = AppDelegate.h; sourceTree = "<group>"; };
		61FE0DE81DDD48E60045E980 /* AppDelegate.m */ = {isa = PBXFileReference; lastKnownFileType = sourcecode.c.objc; path = AppDelegate.m; sourceTree = "<group>"; };
		61FE0DF01DDD48E60045E980 /* Assets.xcassets */ = {isa = PBXFileReference; lastKnownFileType = folder.assetcatalog; path = Assets.xcassets; sourceTree = "<group>"; };
		61FE0DF31DDD48E60045E980 /* Base */ = {isa = PBXFileReference; lastKnownFileType = file.storyboard; name = Base; path = Base.lproj/LaunchScreen.storyboard; sourceTree = "<group>"; };
		61FE0DF51DDD48E60045E980 /* Info.plist */ = {isa = PBXFileReference; lastKnownFileType = text.plist.xml; path = Info.plist; sourceTree = "<group>"; };
		61FE0DFA1DDD48E60045E980 /* FMDBManagerExampleTests.xctest */ = {isa = PBXFileReference; explicitFileType = wrapper.cfbundle; includeInIndex = 0; path = FMDBManagerExampleTests.xctest; sourceTree = BUILT_PRODUCTS_DIR; };
		61FE0DFE1DDD48E60045E980 /* FMDBManagerExampleTests.m */ = {isa = PBXFileReference; lastKnownFileType = sourcecode.c.objc; path = FMDBManagerExampleTests.m; sourceTree = "<group>"; };
		61FE0E001DDD48E60045E980 /* Info.plist */ = {isa = PBXFileReference; lastKnownFileType = text.plist.xml; path = Info.plist; sourceTree = "<group>"; };
		61FE0E051DDD48E60045E980 /* FMDBManagerExampleUITests.xctest */ = {isa = PBXFileReference; explicitFileType = wrapper.cfbundle; includeInIndex = 0; path = FMDBManagerExampleUITests.xctest; sourceTree = BUILT_PRODUCTS_DIR; };
		61FE0E091DDD48E60045E980 /* FMDBManagerExampleUITests.m */ = {isa = PBXFileReference; lastKnownFileType = sourcecode.c.objc; path = FMDBManagerExampleUITests.m; sourceTree = "<group>"; };
		61FE0E0B1DDD48E60045E980 /* Info.plist */ = {isa = PBXFileReference; lastKnownFileType = text.plist.xml; path = Info.plist; sourceTree = "<group>"; };
		61FE0E181DDD49120045E980 /* FMDBAssistant.h */ = {isa = PBXFileReference; fileEncoding = 4; lastKnownFileType = sourcecode.c.h; path = FMDBAssistant.h; sourceTree = "<group>"; };
		61FE0E191DDD49120045E980 /* FMDBAssistant.m */ = {isa = PBXFileReference; fileEncoding = 4; lastKnownFileType = sourcecode.c.objc; path = FMDBAssistant.m; sourceTree = "<group>"; };
		61FE0E1A1DDD49120045E980 /* FMDBManager.h */ = {isa = PBXFileReference; fileEncoding = 4; lastKnownFileType = sourcecode.c.h; path = FMDBManager.h; sourceTree = "<group>"; };
		61FE0E1B1DDD49120045E980 /* FMDBManager.m */ = {isa = PBXFileReference; fileEncoding = 4; lastKnownFileType = sourcecode.c.objc; path = FMDBManager.m; sourceTree = "<group>"; };
		61FE0E1E1DDD4BAF0045E980 /* ChildrenInfos.h */ = {isa = PBXFileReference; fileEncoding = 4; lastKnownFileType = sourcecode.c.h; path = ChildrenInfos.h; sourceTree = "<group>"; };
		61FE0E1F1DDD4BAF0045E980 /* ChildrenInfos.m */ = {isa = PBXFileReference; fileEncoding = 4; lastKnownFileType = sourcecode.c.objc; path = ChildrenInfos.m; sourceTree = "<group>"; };
		61FE0E201DDD4BAF0045E980 /* ViewController1.h */ = {isa = PBXFileReference; fileEncoding = 4; lastKnownFileType = sourcecode.c.h; path = ViewController1.h; sourceTree = "<group>"; };
		61FE0E211DDD4BAF0045E980 /* ViewController1.m */ = {isa = PBXFileReference; fileEncoding = 4; lastKnownFileType = sourcecode.c.objc; path = ViewController1.m; sourceTree = "<group>"; };
		61FE0E221DDD4BAF0045E980 /* ViewController2.h */ = {isa = PBXFileReference; fileEncoding = 4; lastKnownFileType = sourcecode.c.h; path = ViewController2.h; sourceTree = "<group>"; };
		61FE0E231DDD4BAF0045E980 /* ViewController2.m */ = {isa = PBXFileReference; fileEncoding = 4; lastKnownFileType = sourcecode.c.objc; path = ViewController2.m; sourceTree = "<group>"; };
		61FE0E281DDD4C1D0045E980 /* Base */ = {isa = PBXFileReference; lastKnownFileType = file.storyboard; name = Base; path = Base.lproj/Main.storyboard; sourceTree = "<group>"; };
		61FE0E2A1DDD4C8A0045E980 /* ChildrenInfos.plist */ = {isa = PBXFileReference; fileEncoding = 4; lastKnownFileType = text.plist.xml; path = ChildrenInfos.plist; sourceTree = "<group>"; };
		92561BB0E91BF6CA464C020C /* Pods-FMDBManagerExample.debug.xcconfig */ = {isa = PBXFileReference; includeInIndex = 1; lastKnownFileType = text.xcconfig; name = "Pods-FMDBManagerExample.debug.xcconfig"; path = "Pods/Target Support Files/Pods-FMDBManagerExample/Pods-FMDBManagerExample.debug.xcconfig"; sourceTree = "<group>"; };
		E6D609177094D7E5687F6175 /* Pods-FMDBManagerExample.release.xcconfig */ = {isa = PBXFileReference; includeInIndex = 1; lastKnownFileType = text.xcconfig; name = "Pods-FMDBManagerExample.release.xcconfig"; path = "Pods/Target Support Files/Pods-FMDBManagerExample/Pods-FMDBManagerExample.release.xcconfig"; sourceTree = "<group>"; };
/* End PBXFileReference section */

/* Begin PBXFrameworksBuildPhase section */
		61FE0DDE1DDD48E60045E980 /* Frameworks */ = {
			isa = PBXFrameworksBuildPhase;
			buildActionMask = 2147483647;
			files = (
				80A3331F49201BFEAF11C411 /* libPods-FMDBManagerExample.a in Frameworks */,
			);
			runOnlyForDeploymentPostprocessing = 0;
		};
		61FE0DF71DDD48E60045E980 /* Frameworks */ = {
			isa = PBXFrameworksBuildPhase;
			buildActionMask = 2147483647;
			files = (
			);
			runOnlyForDeploymentPostprocessing = 0;
		};
		61FE0E021DDD48E60045E980 /* Frameworks */ = {
			isa = PBXFrameworksBuildPhase;
			buildActionMask = 2147483647;
			files = (
			);
			runOnlyForDeploymentPostprocessing = 0;
		};
/* End PBXFrameworksBuildPhase section */

/* Begin PBXGroup section */
		61FE0DD81DDD48E60045E980 = {
			isa = PBXGroup;
			children = (
				61FE0E171DDD49120045E980 /* FMDBManager */,
				61FE0DE31DDD48E60045E980 /* FMDBManagerExample */,
				61FE0DFD1DDD48E60045E980 /* FMDBManagerExampleTests */,
				61FE0E081DDD48E60045E980 /* FMDBManagerExampleUITests */,
				61FE0DE21DDD48E60045E980 /* Products */,
				9AACC5EE101B0F6201687ED7 /* Pods */,
				C3752DAE4EC47BED7A2ABC31 /* Frameworks */,
			);
			sourceTree = "<group>";
		};
		61FE0DE21DDD48E60045E980 /* Products */ = {
			isa = PBXGroup;
			children = (
				61FE0DE11DDD48E60045E980 /* FMDBManagerExample.app */,
				61FE0DFA1DDD48E60045E980 /* FMDBManagerExampleTests.xctest */,
				61FE0E051DDD48E60045E980 /* FMDBManagerExampleUITests.xctest */,
			);
			name = Products;
			sourceTree = "<group>";
		};
		61FE0DE31DDD48E60045E980 /* FMDBManagerExample */ = {
			isa = PBXGroup;
			children = (
				61FE0E1E1DDD4BAF0045E980 /* ChildrenInfos.h */,
				61FE0E1F1DDD4BAF0045E980 /* ChildrenInfos.m */,
				61FE0E201DDD4BAF0045E980 /* ViewController1.h */,
				61FE0E211DDD4BAF0045E980 /* ViewController1.m */,
				61FE0E221DDD4BAF0045E980 /* ViewController2.h */,
				61FE0E231DDD4BAF0045E980 /* ViewController2.m */,
				61FE0DE71DDD48E60045E980 /* AppDelegate.h */,
				61FE0DE81DDD48E60045E980 /* AppDelegate.m */,
				61FE0DF01DDD48E60045E980 /* Assets.xcassets */,
				61FE0DF21DDD48E60045E980 /* LaunchScreen.storyboard */,
				61FE0E271DDD4C1D0045E980 /* Main.storyboard */,
				61FE0DF51DDD48E60045E980 /* Info.plist */,
				61FE0E2A1DDD4C8A0045E980 /* ChildrenInfos.plist */,
				61FE0DE41DDD48E60045E980 /* Supporting Files */,
			);
			path = FMDBManagerExample;
			sourceTree = "<group>";
		};
		61FE0DE41DDD48E60045E980 /* Supporting Files */ = {
			isa = PBXGroup;
			children = (
				61FE0DE51DDD48E60045E980 /* main.m */,
			);
			name = "Supporting Files";
			sourceTree = "<group>";
		};
		61FE0DFD1DDD48E60045E980 /* FMDBManagerExampleTests */ = {
			isa = PBXGroup;
			children = (
				61FE0DFE1DDD48E60045E980 /* FMDBManagerExampleTests.m */,
				61FE0E001DDD48E60045E980 /* Info.plist */,
			);
			path = FMDBManagerExampleTests;
			sourceTree = "<group>";
		};
		61FE0E081DDD48E60045E980 /* FMDBManagerExampleUITests */ = {
			isa = PBXGroup;
			children = (
				61FE0E091DDD48E60045E980 /* FMDBManagerExampleUITests.m */,
				61FE0E0B1DDD48E60045E980 /* Info.plist */,
			);
			path = FMDBManagerExampleUITests;
			sourceTree = "<group>";
		};
		61FE0E171DDD49120045E980 /* FMDBManager */ = {
			isa = PBXGroup;
			children = (
				61FE0E181DDD49120045E980 /* FMDBAssistant.h */,
				61FE0E191DDD49120045E980 /* FMDBAssistant.m */,
				61FE0E1A1DDD49120045E980 /* FMDBManager.h */,
				61FE0E1B1DDD49120045E980 /* FMDBManager.m */,
			);
			path = FMDBManager;
			sourceTree = "<group>";
		};
		9AACC5EE101B0F6201687ED7 /* Pods */ = {
			isa = PBXGroup;
			children = (
				92561BB0E91BF6CA464C020C /* Pods-FMDBManagerExample.debug.xcconfig */,
				E6D609177094D7E5687F6175 /* Pods-FMDBManagerExample.release.xcconfig */,
			);
			name = Pods;
			sourceTree = "<group>";
		};
		C3752DAE4EC47BED7A2ABC31 /* Frameworks */ = {
			isa = PBXGroup;
			children = (
				1DA25B2C4015B34B8E887DFC /* libPods-FMDBManagerExample.a */,
			);
			name = Frameworks;
			sourceTree = "<group>";
		};
/* End PBXGroup section */

/* Begin PBXNativeTarget section */
		61FE0DE01DDD48E60045E980 /* FMDBManagerExample */ = {
			isa = PBXNativeTarget;
			buildConfigurationList = 61FE0E0E1DDD48E60045E980 /* Build configuration list for PBXNativeTarget "FMDBManagerExample" */;
			buildPhases = (
				D1F71D0EAC0C8C534CF0A0C6 /* [CP] Check Pods Manifest.lock */,
				61FE0DDD1DDD48E60045E980 /* Sources */,
				61FE0DDE1DDD48E60045E980 /* Frameworks */,
				61FE0DDF1DDD48E60045E980 /* Resources */,
				4D9ACE79249AB3828162ED51 /* [CP] Embed Pods Frameworks */,
				A164C6D16E6DD386BD88950C /* [CP] Copy Pods Resources */,
			);
			buildRules = (
			);
			dependencies = (
			);
			name = FMDBManagerExample;
			productName = FMDBManagerExample;
			productReference = 61FE0DE11DDD48E60045E980 /* FMDBManagerExample.app */;
			productType = "com.apple.product-type.application";
		};
		61FE0DF91DDD48E60045E980 /* FMDBManagerExampleTests */ = {
			isa = PBXNativeTarget;
			buildConfigurationList = 61FE0E111DDD48E60045E980 /* Build configuration list for PBXNativeTarget "FMDBManagerExampleTests" */;
			buildPhases = (
				61FE0DF61DDD48E60045E980 /* Sources */,
				61FE0DF71DDD48E60045E980 /* Frameworks */,
				61FE0DF81DDD48E60045E980 /* Resources */,
			);
			buildRules = (
			);
			dependencies = (
				61FE0DFC1DDD48E60045E980 /* PBXTargetDependency */,
			);
			name = FMDBManagerExampleTests;
			productName = FMDBManagerExampleTests;
			productReference = 61FE0DFA1DDD48E60045E980 /* FMDBManagerExampleTests.xctest */;
			productType = "com.apple.product-type.bundle.unit-test";
		};
		61FE0E041DDD48E60045E980 /* FMDBManagerExampleUITests */ = {
			isa = PBXNativeTarget;
			buildConfigurationList = 61FE0E141DDD48E60045E980 /* Build configuration list for PBXNativeTarget "FMDBManagerExampleUITests" */;
			buildPhases = (
				61FE0E011DDD48E60045E980 /* Sources */,
				61FE0E021DDD48E60045E980 /* Frameworks */,
				61FE0E031DDD48E60045E980 /* Resources */,
			);
			buildRules = (
			);
			dependencies = (
				61FE0E071DDD48E60045E980 /* PBXTargetDependency */,
			);
			name = FMDBManagerExampleUITests;
			productName = FMDBManagerExampleUITests;
			productReference = 61FE0E051DDD48E60045E980 /* FMDBManagerExampleUITests.xctest */;
			productType = "com.apple.product-type.bundle.ui-testing";
		};
/* End PBXNativeTarget section */

/* Begin PBXProject section */
		61FE0DD91DDD48E60045E980 /* Project object */ = {
			isa = PBXProject;
			attributes = {
				LastUpgradeCheck = 0730;
				ORGANIZATIONNAME = zhanghao;
				TargetAttributes = {
					61FE0DE01DDD48E60045E980 = {
						CreatedOnToolsVersion = 7.3;
					};
					61FE0DF91DDD48E60045E980 = {
						CreatedOnToolsVersion = 7.3;
						TestTargetID = 61FE0DE01DDD48E60045E980;
					};
					61FE0E041DDD48E60045E980 = {
						CreatedOnToolsVersion = 7.3;
						TestTargetID = 61FE0DE01DDD48E60045E980;
					};
				};
			};
			buildConfigurationList = 61FE0DDC1DDD48E60045E980 /* Build configuration list for PBXProject "FMDBManagerExample" */;
			compatibilityVersion = "Xcode 3.2";
			developmentRegion = English;
			hasScannedForEncodings = 0;
			knownRegions = (
				en,
				Base,
			);
			mainGroup = 61FE0DD81DDD48E60045E980;
			productRefGroup = 61FE0DE21DDD48E60045E980 /* Products */;
			projectDirPath = "";
			projectRoot = "";
			targets = (
				61FE0DE01DDD48E60045E980 /* FMDBManagerExample */,
				61FE0DF91DDD48E60045E980 /* FMDBManagerExampleTests */,
				61FE0E041DDD48E60045E980 /* FMDBManagerExampleUITests */,
			);
		};
/* End PBXProject section */

/* Begin PBXResourcesBuildPhase section */
		61FE0DDF1DDD48E60045E980 /* Resources */ = {
			isa = PBXResourcesBuildPhase;
			buildActionMask = 2147483647;
			files = (
				61FE0E291DDD4C1D0045E980 /* Main.storyboard in Resources */,
				61FE0E2B1DDD4C8A0045E980 /* ChildrenInfos.plist in Resources */,
				61FE0DF41DDD48E60045E980 /* LaunchScreen.storyboard in Resources */,
				61FE0DF11DDD48E60045E980 /* Assets.xcassets in Resources */,
			);
			runOnlyForDeploymentPostprocessing = 0;
		};
		61FE0DF81DDD48E60045E980 /* Resources */ = {
			isa = PBXResourcesBuildPhase;
			buildActionMask = 2147483647;
			files = (
			);
			runOnlyForDeploymentPostprocessing = 0;
		};
		61FE0E031DDD48E60045E980 /* Resources */ = {
			isa = PBXResourcesBuildPhase;
			buildActionMask = 2147483647;
			files = (
			);
			runOnlyForDeploymentPostprocessing = 0;
		};
/* End PBXResourcesBuildPhase section */

/* Begin PBXShellScriptBuildPhase section */
		4D9ACE79249AB3828162ED51 /* [CP] Embed Pods Frameworks */ = {
			isa = PBXShellScriptBuildPhase;
			buildActionMask = 2147483647;
			files = (
			);
			inputPaths = (
			);
			name = "[CP] Embed Pods Frameworks";
			outputPaths = (
			);
			runOnlyForDeploymentPostprocessing = 0;
			shellPath = /bin/sh;
			shellScript = "\"${SRCROOT}/Pods/Target Support Files/Pods-FMDBManagerExample/Pods-FMDBManagerExample-frameworks.sh\"\n";
			showEnvVarsInLog = 0;
		};
		A164C6D16E6DD386BD88950C /* [CP] Copy Pods Resources */ = {
			isa = PBXShellScriptBuildPhase;
			buildActionMask = 2147483647;
			files = (
			);
			inputPaths = (
			);
			name = "[CP] Copy Pods Resources";
			outputPaths = (
			);
			runOnlyForDeploymentPostprocessing = 0;
			shellPath = /bin/sh;
			shellScript = "\"${SRCROOT}/Pods/Target Support Files/Pods-FMDBManagerExample/Pods-FMDBManagerExample-resources.sh\"\n";
			showEnvVarsInLog = 0;
		};
		D1F71D0EAC0C8C534CF0A0C6 /* [CP] Check Pods Manifest.lock */ = {
			isa = PBXShellScriptBuildPhase;
			buildActionMask = 2147483647;
			files = (
			);
			inputPaths = (
			);
			name = "[CP] Check Pods Manifest.lock";
			outputPaths = (
			);
			runOnlyForDeploymentPostprocessing = 0;
			shellPath = /bin/sh;
			shellScript = "diff \"${PODS_ROOT}/../Podfile.lock\" \"${PODS_ROOT}/Manifest.lock\" > /dev/null\nif [ $? != 0 ] ; then\n    # print error to STDERR\n    echo \"error: The sandbox is not in sync with the Podfile.lock. Run 'pod install' or update your CocoaPods installation.\" >&2\n    exit 1\nfi\n";
			showEnvVarsInLog = 0;
		};
/* End PBXShellScriptBuildPhase section */

/* Begin PBXSourcesBuildPhase section */
		61FE0DDD1DDD48E60045E980 /* Sources */ = {
			isa = PBXSourcesBuildPhase;
			buildActionMask = 2147483647;
			files = (
				61FE0E261DDD4BAF0045E980 /* ViewController2.m in Sources */,
				61FE0E1C1DDD49120045E980 /* FMDBAssistant.m in Sources */,
				61FE0E241DDD4BAF0045E980 /* ChildrenInfos.m in Sources */,
				61FE0E251DDD4BAF0045E980 /* ViewController1.m in Sources */,
				61FE0E1D1DDD49120045E980 /* FMDBManager.m in Sources */,
				61FE0DE91DDD48E60045E980 /* AppDelegate.m in Sources */,
				61FE0DE61DDD48E60045E980 /* main.m in Sources */,
			);
			runOnlyForDeploymentPostprocessing = 0;
		};
		61FE0DF61DDD48E60045E980 /* Sources */ = {
			isa = PBXSourcesBuildPhase;
			buildActionMask = 2147483647;
			files = (
				61FE0DFF1DDD48E60045E980 /* FMDBManagerExampleTests.m in Sources */,
			);
			runOnlyForDeploymentPostprocessing = 0;
		};
		61FE0E011DDD48E60045E980 /* Sources */ = {
			isa = PBXSourcesBuildPhase;
			buildActionMask = 2147483647;
			files = (
				61FE0E0A1DDD48E60045E980 /* FMDBManagerExampleUITests.m in Sources */,
			);
			runOnlyForDeploymentPostprocessing = 0;
		};
/* End PBXSourcesBuildPhase section */

/* Begin PBXTargetDependency section */
		61FE0DFC1DDD48E60045E980 /* PBXTargetDependency */ = {
			isa = PBXTargetDependency;
			target = 61FE0DE01DDD48E60045E980 /* FMDBManagerExample */;
			targetProxy = 61FE0DFB1DDD48E60045E980 /* PBXContainerItemProxy */;
		};
		61FE0E071DDD48E60045E980 /* PBXTargetDependency */ = {
			isa = PBXTargetDependency;
			target = 61FE0DE01DDD48E60045E980 /* FMDBManagerExample */;
			targetProxy = 61FE0E061DDD48E60045E980 /* PBXContainerItemProxy */;
		};
/* End PBXTargetDependency section */

/* Begin PBXVariantGroup section */
		61FE0DF21DDD48E60045E980 /* LaunchScreen.storyboard */ = {
			isa = PBXVariantGroup;
			children = (
				61FE0DF31DDD48E60045E980 /* Base */,
			);
			name = LaunchScreen.storyboard;
			sourceTree = "<group>";
		};
		61FE0E271DDD4C1D0045E980 /* Main.storyboard */ = {
			isa = PBXVariantGroup;
			children = (
				61FE0E281DDD4C1D0045E980 /* Base */,
			);
			name = Main.storyboard;
			sourceTree = "<group>";
		};
/* End PBXVariantGroup section */

/* Begin XCBuildConfiguration section */
		61FE0E0C1DDD48E60045E980 /* Debug */ = {
			isa = XCBuildConfiguration;
			buildSettings = {
				ALWAYS_SEARCH_USER_PATHS = NO;
				CLANG_ANALYZER_NONNULL = YES;
				CLANG_CXX_LANGUAGE_STANDARD = "gnu++0x";
				CLANG_CXX_LIBRARY = "libc++";
				CLANG_ENABLE_MODULES = YES;
				CLANG_ENABLE_OBJC_ARC = YES;
				CLANG_WARN_BOOL_CONVERSION = YES;
				CLANG_WARN_CONSTANT_CONVERSION = YES;
				CLANG_WARN_DIRECT_OBJC_ISA_USAGE = YES_ERROR;
				CLANG_WARN_EMPTY_BODY = YES;
				CLANG_WARN_ENUM_CONVERSION = YES;
				CLANG_WARN_INT_CONVERSION = YES;
				CLANG_WARN_OBJC_ROOT_CLASS = YES_ERROR;
				CLANG_WARN_UNREACHABLE_CODE = YES;
				CLANG_WARN__DUPLICATE_METHOD_MATCH = YES;
				"CODE_SIGN_IDENTITY[sdk=iphoneos*]" = "iPhone Developer";
				COPY_PHASE_STRIP = NO;
				DEBUG_INFORMATION_FORMAT = dwarf;
				ENABLE_STRICT_OBJC_MSGSEND = YES;
				ENABLE_TESTABILITY = YES;
				GCC_C_LANGUAGE_STANDARD = gnu99;
				GCC_DYNAMIC_NO_PIC = NO;
				GCC_NO_COMMON_BLOCKS = YES;
				GCC_OPTIMIZATION_LEVEL = 0;
				GCC_PREPROCESSOR_DEFINITIONS = (
					"DEBUG=1",
					"$(inherited)",
				);
				GCC_WARN_64_TO_32_BIT_CONVERSION = YES;
				GCC_WARN_ABOUT_RETURN_TYPE = YES_ERROR;
				GCC_WARN_UNDECLARED_SELECTOR = YES;
				GCC_WARN_UNINITIALIZED_AUTOS = YES_AGGRESSIVE;
				GCC_WARN_UNUSED_FUNCTION = YES;
				GCC_WARN_UNUSED_VARIABLE = YES;
				IPHONEOS_DEPLOYMENT_TARGET = 9.3;
				MTL_ENABLE_DEBUG_INFO = YES;
				ONLY_ACTIVE_ARCH = YES;
				SDKROOT = iphoneos;
				TARGETED_DEVICE_FAMILY = "1,2";
			};
			name = Debug;
		};
		61FE0E0D1DDD48E60045E980 /* Release */ = {
			isa = XCBuildConfiguration;
			buildSettings = {
				ALWAYS_SEARCH_USER_PATHS = NO;
				CLANG_ANALYZER_NONNULL = YES;
				CLANG_CXX_LANGUAGE_STANDARD = "gnu++0x";
				CLANG_CXX_LIBRARY = "libc++";
				CLANG_ENABLE_MODULES = YES;
				CLANG_ENABLE_OBJC_ARC = YES;
				CLANG_WARN_BOOL_CONVERSION = YES;
				CLANG_WARN_CONSTANT_CONVERSION = YES;
				CLANG_WARN_DIRECT_OBJC_ISA_USAGE = YES_ERROR;
				CLANG_WARN_EMPTY_BODY = YES;
				CLANG_WARN_ENUM_CONVERSION = YES;
				CLANG_WARN_INT_CONVERSION = YES;
				CLANG_WARN_OBJC_ROOT_CLASS = YES_ERROR;
				CLANG_WARN_UNREACHABLE_CODE = YES;
				CLANG_WARN__DUPLICATE_METHOD_MATCH = YES;
				"CODE_SIGN_IDENTITY[sdk=iphoneos*]" = "iPhone Developer";
				COPY_PHASE_STRIP = NO;
				DEBUG_INFORMATION_FORMAT = "dwarf-with-dsym";
				ENABLE_NS_ASSERTIONS = NO;
				ENABLE_STRICT_OBJC_MSGSEND = YES;
				GCC_C_LANGUAGE_STANDARD = gnu99;
				GCC_NO_COMMON_BLOCKS = YES;
				GCC_WARN_64_TO_32_BIT_CONVERSION = YES;
				GCC_WARN_ABOUT_RETURN_TYPE = YES_ERROR;
				GCC_WARN_UNDECLARED_SELECTOR = YES;
				GCC_WARN_UNINITIALIZED_AUTOS = YES_AGGRESSIVE;
				GCC_WARN_UNUSED_FUNCTION = YES;
				GCC_WARN_UNUSED_VARIABLE = YES;
				IPHONEOS_DEPLOYMENT_TARGET = 9.3;
				MTL_ENABLE_DEBUG_INFO = NO;
				SDKROOT = iphoneos;
				TARGETED_DEVICE_FAMILY = "1,2";
				VALIDATE_PRODUCT = YES;
			};
			name = Release;
		};
		61FE0E0F1DDD48E60045E980 /* Debug */ = {
			isa = XCBuildConfiguration;
			baseConfigurationReference = 92561BB0E91BF6CA464C020C /* Pods-FMDBManagerExample.debug.xcconfig */;
			buildSettings = {
				ASSETCATALOG_COMPILER_APPICON_NAME = AppIcon;
				INFOPLIST_FILE = FMDBManagerExample/Info.plist;
				LD_RUNPATH_SEARCH_PATHS = "$(inherited) @executable_path/Frameworks";
				PRODUCT_BUNDLE_IDENTIFIER = Zhanghao.FMDBManagerExample;
				PRODUCT_NAME = "$(TARGET_NAME)";
			};
			name = Debug;
		};
		61FE0E101DDD48E60045E980 /* Release */ = {
			isa = XCBuildConfiguration;
			baseConfigurationReference = E6D609177094D7E5687F6175 /* Pods-FMDBManagerExample.release.xcconfig */;
			buildSettings = {
				ASSETCATALOG_COMPILER_APPICON_NAME = AppIcon;
				INFOPLIST_FILE = FMDBManagerExample/Info.plist;
				LD_RUNPATH_SEARCH_PATHS = "$(inherited) @executable_path/Frameworks";
				PRODUCT_BUNDLE_IDENTIFIER = Zhanghao.FMDBManagerExample;
				PRODUCT_NAME = "$(TARGET_NAME)";
			};
			name = Release;
		};
		61FE0E121DDD48E60045E980 /* Debug */ = {
			isa = XCBuildConfiguration;
			buildSettings = {
				BUNDLE_LOADER = "$(TEST_HOST)";
				INFOPLIST_FILE = FMDBManagerExampleTests/Info.plist;
				LD_RUNPATH_SEARCH_PATHS = "$(inherited) @executable_path/Frameworks @loader_path/Frameworks";
				PRODUCT_BUNDLE_IDENTIFIER = Zhanghao.FMDBManagerExampleTests;
				PRODUCT_NAME = "$(TARGET_NAME)";
				TEST_HOST = "$(BUILT_PRODUCTS_DIR)/FMDBManagerExample.app/FMDBManagerExample";
			};
			name = Debug;
		};
		61FE0E131DDD48E60045E980 /* Release */ = {
			isa = XCBuildConfiguration;
			buildSettings = {
				BUNDLE_LOADER = "$(TEST_HOST)";
				INFOPLIST_FILE = FMDBManagerExampleTests/Info.plist;
				LD_RUNPATH_SEARCH_PATHS = "$(inherited) @executable_path/Frameworks @loader_path/Frameworks";
				PRODUCT_BUNDLE_IDENTIFIER = Zhanghao.FMDBManagerExampleTests;
				PRODUCT_NAME = "$(TARGET_NAME)";
				TEST_HOST = "$(BUILT_PRODUCTS_DIR)/FMDBManagerExample.app/FMDBManagerExample";
			};
			name = Release;
		};
		61FE0E151DDD48E60045E980 /* Debug */ = {
			isa = XCBuildConfiguration;
			buildSettings = {
				INFOPLIST_FILE = FMDBManagerExampleUITests/Info.plist;
				LD_RUNPATH_SEARCH_PATHS = "$(inherited) @executable_path/Frameworks @loader_path/Frameworks";
				PRODUCT_BUNDLE_IDENTIFIER = Zhanghao.FMDBManagerExampleUITests;
				PRODUCT_NAME = "$(TARGET_NAME)";
				TEST_TARGET_NAME = FMDBManagerExample;
			};
			name = Debug;
		};
		61FE0E161DDD48E60045E980 /* Release */ = {
			isa = XCBuildConfiguration;
			buildSettings = {
				INFOPLIST_FILE = FMDBManagerExampleUITests/Info.plist;
				LD_RUNPATH_SEARCH_PATHS = "$(inherited) @executable_path/Frameworks @loader_path/Frameworks";
				PRODUCT_BUNDLE_IDENTIFIER = Zhanghao.FMDBManagerExampleUITests;
				PRODUCT_NAME = "$(TARGET_NAME)";
				TEST_TARGET_NAME = FMDBManagerExample;
			};
			name = Release;
		};
/* End XCBuildConfiguration section */

/* Begin XCConfigurationList section */
		61FE0DDC1DDD48E60045E980 /* Build configuration list for PBXProject "FMDBManagerExample" */ = {
			isa = XCConfigurationList;
			buildConfigurations = (
				61FE0E0C1DDD48E60045E980 /* Debug */,
				61FE0E0D1DDD48E60045E980 /* Release */,
			);
			defaultConfigurationIsVisible = 0;
			defaultConfigurationName = Release;
		};
		61FE0E0E1DDD48E60045E980 /* Build configuration list for PBXNativeTarget "FMDBManagerExample" */ = {
			isa = XCConfigurationList;
			buildConfigurations = (
				61FE0E0F1DDD48E60045E980 /* Debug */,
				61FE0E101DDD48E60045E980 /* Release */,
			);
			defaultConfigurationIsVisible = 0;
			defaultConfigurationName = Release;
		};
		61FE0E111DDD48E60045E980 /* Build configuration list for PBXNativeTarget "FMDBManagerExampleTests" */ = {
			isa = XCConfigurationList;
			buildConfigurations = (
				61FE0E121DDD48E60045E980 /* Debug */,
				61FE0E131DDD48E60045E980 /* Release */,
			);
			defaultConfigurationIsVisible = 0;
			defaultConfigurationName = Release;
		};
		61FE0E141DDD48E60045E980 /* Build configuration list for PBXNativeTarget "FMDBManagerExampleUITests" */ = {
			isa = XCConfigurationList;
			buildConfigurations = (
				61FE0E151DDD48E60045E980 /* Debug */,
				61FE0E161DDD48E60045E980 /* Release */,
			);
			defaultConfigurationIsVisible = 0;
			defaultConfigurationName = Release;
		};
/* End XCConfigurationList section */
	};
	rootObject = 61FE0DD91DDD48E60045E980 /* Project object */;
}
