PODS:
  - DawnKit (1.0.2):
    - DawnKit/DawnExtensions (= 1.0.2)
    - DawnKit/DawnUI (= 1.0.2)
  - DawnKit/DawnExtensions (1.0.2)
  - DawnKit/DawnUI (1.0.2):
    - DawnKit/DawnExtensions

DEPENDENCIES:
  - DawnKit (from `../`)

EXTERNAL SOURCES:
  DawnKit:
    :path: "../"

SPEC CHECKSUMS:
  DawnKit: 7c66bb46628fd22116ee3cd44c0d5fc5099cd563

PODFILE CHECKSUM: 86f834811b7f14f10869c45495074446434c2b9e

COCOAPODS: 1.11.3
