// !$*UTF8*$!
{
	archiveVersion = 1;
	classes = {
	};
	objectVersion = 46;
	objects = {

/* Begin PBXBuildFile section */
		61977DB11EB4CC5A0047228D /* main.m in Sources */ = {isa = PBXBuildFile; fileRef = 61977DB01EB4CC5A0047228D /* main.m */; };
		61977DB41EB4CC5A0047228D /* AppDelegate.m in Sources */ = {isa = PBXBuildFile; fileRef = 61977DB31EB4CC5A0047228D /* AppDelegate.m */; };
		61977DB71EB4CC5A0047228D /* ViewController.m in Sources */ = {isa = PBXBuildFile; fileRef = 61977DB61EB4CC5A0047228D /* ViewController.m */; };
		61977DBA1EB4CC5A0047228D /* Main.storyboard in Resources */ = {isa = PBXBuildFile; fileRef = 61977DB81EB4CC5A0047228D /* Main.storyboard */; };
		61977DBC1EB4CC5A0047228D /* Assets.xcassets in Resources */ = {isa = PBXBuildFile; fileRef = 61977DBB1EB4CC5A0047228D /* Assets.xcassets */; };
		61977DBF1EB4CC5A0047228D /* LaunchScreen.storyboard in Resources */ = {isa = PBXBuildFile; fileRef = 61977DBD1EB4CC5A0047228D /* LaunchScreen.storyboard */; };
		61977DCA1EB4CC5A0047228D /* SnailDatabaseDemoTests.m in Sources */ = {isa = PBXBuildFile; fileRef = 61977DC91EB4CC5A0047228D /* SnailDatabaseDemoTests.m */; };
		61977DD51EB4CC5A0047228D /* SnailDatabaseDemoUITests.m in Sources */ = {isa = PBXBuildFile; fileRef = 61977DD41EB4CC5A0047228D /* SnailDatabaseDemoUITests.m */; };
		61977DEB1EB4CDDB0047228D /* NSString+SnailDatabase.m in Sources */ = {isa = PBXBuildFile; fileRef = 61977DE71EB4CDDB0047228D /* NSString+SnailDatabase.m */; };
		61977DEC1EB4CDDB0047228D /* SnailDatabaseFile.m in Sources */ = {isa = PBXBuildFile; fileRef = 61977DE91EB4CDDB0047228D /* SnailDatabaseFile.m */; };
		61977DF21EB54AEC0047228D /* SnailDatabase.m in Sources */ = {isa = PBXBuildFile; fileRef = 61977DF11EB54AEC0047228D /* SnailDatabase.m */; };
		61977DF51EB54EAC0047228D /* MyModel.m in Sources */ = {isa = PBXBuildFile; fileRef = 61977DF41EB54EAC0047228D /* MyModel.m */; };
		61977DF81EB54F3D0047228D /* NSObject+SnailDatabase.m in Sources */ = {isa = PBXBuildFile; fileRef = 61977DF71EB54F3D0047228D /* NSObject+SnailDatabase.m */; };
		61977DFA1EB5CC090047228D /* products.plist in Resources */ = {isa = PBXBuildFile; fileRef = 61977DF91EB5CC090047228D /* products.plist */; };
		61977DFD1EB5D1DB0047228D /* NSDictionary+Extend.m in Sources */ = {isa = PBXBuildFile; fileRef = 61977DFC1EB5D1DB0047228D /* NSDictionary+Extend.m */; };
		61977E001EB6D6DA0047228D /* NextViewController.m in Sources */ = {isa = PBXBuildFile; fileRef = 61977DFF1EB6D6DA0047228D /* NextViewController.m */; };
		61977E031EBDFBB30047228D /* MyModel2.m in Sources */ = {isa = PBXBuildFile; fileRef = 61977E021EBDFBB30047228D /* MyModel2.m */; };
		C48BB05BA9527DBA7C2684AF /* Pods_SnailDatabaseDemo.framework in Frameworks */ = {isa = PBXBuildFile; fileRef = 1CDF38EBB23AEC1BB3B51499 /* Pods_SnailDatabaseDemo.framework */; };
/* End PBXBuildFile section */

/* Begin PBXContainerItemProxy section */
		61977DC61EB4CC5A0047228D /* PBXContainerItemProxy */ = {
			isa = PBXContainerItemProxy;
			containerPortal = 61977DA41EB4CC5A0047228D /* Project object */;
			proxyType = 1;
			remoteGlobalIDString = 61977DAB1EB4CC5A0047228D;
			remoteInfo = SnailDatabaseDemo;
		};
		61977DD11EB4CC5A0047228D /* PBXContainerItemProxy */ = {
			isa = PBXContainerItemProxy;
			containerPortal = 61977DA41EB4CC5A0047228D /* Project object */;
			proxyType = 1;
			remoteGlobalIDString = 61977DAB1EB4CC5A0047228D;
			remoteInfo = SnailDatabaseDemo;
		};
/* End PBXContainerItemProxy section */

/* Begin PBXFileReference section */
		1CDF38EBB23AEC1BB3B51499 /* Pods_SnailDatabaseDemo.framework */ = {isa = PBXFileReference; explicitFileType = wrapper.framework; includeInIndex = 0; path = Pods_SnailDatabaseDemo.framework; sourceTree = BUILT_PRODUCTS_DIR; };
		61977DAC1EB4CC5A0047228D /* SnailDatabaseDemo.app */ = {isa = PBXFileReference; explicitFileType = wrapper.application; includeInIndex = 0; path = SnailDatabaseDemo.app; sourceTree = BUILT_PRODUCTS_DIR; };
		61977DB01EB4CC5A0047228D /* main.m */ = {isa = PBXFileReference; lastKnownFileType = sourcecode.c.objc; path = main.m; sourceTree = "<group>"; };
		61977DB21EB4CC5A0047228D /* AppDelegate.h */ = {isa = PBXFileReference; lastKnownFileType = sourcecode.c.h; path = AppDelegate.h; sourceTree = "<group>"; };
		61977DB31EB4CC5A0047228D /* AppDelegate.m */ = {isa = PBXFileReference; lastKnownFileType = sourcecode.c.objc; path = AppDelegate.m; sourceTree = "<group>"; };
		61977DB51EB4CC5A0047228D /* ViewController.h */ = {isa = PBXFileReference; lastKnownFileType = sourcecode.c.h; path = ViewController.h; sourceTree = "<group>"; };
		61977DB61EB4CC5A0047228D /* ViewController.m */ = {isa = PBXFileReference; lastKnownFileType = sourcecode.c.objc; path = ViewController.m; sourceTree = "<group>"; };
		61977DB91EB4CC5A0047228D /* Base */ = {isa = PBXFileReference; lastKnownFileType = file.storyboard; name = Base; path = Base.lproj/Main.storyboard; sourceTree = "<group>"; };
		61977DBB1EB4CC5A0047228D /* Assets.xcassets */ = {isa = PBXFileReference; lastKnownFileType = folder.assetcatalog; path = Assets.xcassets; sourceTree = "<group>"; };
		61977DBE1EB4CC5A0047228D /* Base */ = {isa = PBXFileReference; lastKnownFileType = file.storyboard; name = Base; path = Base.lproj/LaunchScreen.storyboard; sourceTree = "<group>"; };
		61977DC01EB4CC5A0047228D /* Info.plist */ = {isa = PBXFileReference; lastKnownFileType = text.plist.xml; path = Info.plist; sourceTree = "<group>"; };
		61977DC51EB4CC5A0047228D /* SnailDatabaseDemoTests.xctest */ = {isa = PBXFileReference; explicitFileType = wrapper.cfbundle; includeInIndex = 0; path = SnailDatabaseDemoTests.xctest; sourceTree = BUILT_PRODUCTS_DIR; };
		61977DC91EB4CC5A0047228D /* SnailDatabaseDemoTests.m */ = {isa = PBXFileReference; lastKnownFileType = sourcecode.c.objc; path = SnailDatabaseDemoTests.m; sourceTree = "<group>"; };
		61977DCB1EB4CC5A0047228D /* Info.plist */ = {isa = PBXFileReference; lastKnownFileType = text.plist.xml; path = Info.plist; sourceTree = "<group>"; };
		61977DD01EB4CC5A0047228D /* SnailDatabaseDemoUITests.xctest */ = {isa = PBXFileReference; explicitFileType = wrapper.cfbundle; includeInIndex = 0; path = SnailDatabaseDemoUITests.xctest; sourceTree = BUILT_PRODUCTS_DIR; };
		61977DD41EB4CC5A0047228D /* SnailDatabaseDemoUITests.m */ = {isa = PBXFileReference; lastKnownFileType = sourcecode.c.objc; path = SnailDatabaseDemoUITests.m; sourceTree = "<group>"; };
		61977DD61EB4CC5A0047228D /* Info.plist */ = {isa = PBXFileReference; lastKnownFileType = text.plist.xml; path = Info.plist; sourceTree = "<group>"; };
		61977DE61EB4CDDB0047228D /* NSString+SnailDatabase.h */ = {isa = PBXFileReference; fileEncoding = 4; lastKnownFileType = sourcecode.c.h; path = "NSString+SnailDatabase.h"; sourceTree = "<group>"; };
		61977DE71EB4CDDB0047228D /* NSString+SnailDatabase.m */ = {isa = PBXFileReference; fileEncoding = 4; lastKnownFileType = sourcecode.c.objc; path = "NSString+SnailDatabase.m"; sourceTree = "<group>"; };
		61977DE81EB4CDDB0047228D /* SnailDatabaseFile.h */ = {isa = PBXFileReference; fileEncoding = 4; lastKnownFileType = sourcecode.c.h; path = SnailDatabaseFile.h; sourceTree = "<group>"; };
		61977DE91EB4CDDB0047228D /* SnailDatabaseFile.m */ = {isa = PBXFileReference; fileEncoding = 4; lastKnownFileType = sourcecode.c.objc; path = SnailDatabaseFile.m; sourceTree = "<group>"; };
		61977DEA1EB4CDDB0047228D /* SnailDatabaseProtocol.h */ = {isa = PBXFileReference; fileEncoding = 4; lastKnownFileType = sourcecode.c.h; path = SnailDatabaseProtocol.h; sourceTree = "<group>"; };
		61977DF01EB54AEC0047228D /* SnailDatabase.h */ = {isa = PBXFileReference; fileEncoding = 4; lastKnownFileType = sourcecode.c.h; path = SnailDatabase.h; sourceTree = "<group>"; };
		61977DF11EB54AEC0047228D /* SnailDatabase.m */ = {isa = PBXFileReference; fileEncoding = 4; lastKnownFileType = sourcecode.c.objc; path = SnailDatabase.m; sourceTree = "<group>"; };
		61977DF31EB54EAC0047228D /* MyModel.h */ = {isa = PBXFileReference; fileEncoding = 4; lastKnownFileType = sourcecode.c.h; path = MyModel.h; sourceTree = "<group>"; };
		61977DF41EB54EAC0047228D /* MyModel.m */ = {isa = PBXFileReference; fileEncoding = 4; lastKnownFileType = sourcecode.c.objc; path = MyModel.m; sourceTree = "<group>"; };
		61977DF61EB54F3D0047228D /* NSObject+SnailDatabase.h */ = {isa = PBXFileReference; fileEncoding = 4; lastKnownFileType = sourcecode.c.h; path = "NSObject+SnailDatabase.h"; sourceTree = "<group>"; };
		61977DF71EB54F3D0047228D /* NSObject+SnailDatabase.m */ = {isa = PBXFileReference; fileEncoding = 4; lastKnownFileType = sourcecode.c.objc; path = "NSObject+SnailDatabase.m"; sourceTree = "<group>"; };
		61977DF91EB5CC090047228D /* products.plist */ = {isa = PBXFileReference; fileEncoding = 4; lastKnownFileType = text.plist.xml; path = products.plist; sourceTree = "<group>"; };
		61977DFB1EB5D1DB0047228D /* NSDictionary+Extend.h */ = {isa = PBXFileReference; fileEncoding = 4; lastKnownFileType = sourcecode.c.h; path = "NSDictionary+Extend.h"; sourceTree = "<group>"; };
		61977DFC1EB5D1DB0047228D /* NSDictionary+Extend.m */ = {isa = PBXFileReference; fileEncoding = 4; lastKnownFileType = sourcecode.c.objc; path = "NSDictionary+Extend.m"; sourceTree = "<group>"; };
		61977DFE1EB6D6DA0047228D /* NextViewController.h */ = {isa = PBXFileReference; fileEncoding = 4; lastKnownFileType = sourcecode.c.h; path = NextViewController.h; sourceTree = "<group>"; };
		61977DFF1EB6D6DA0047228D /* NextViewController.m */ = {isa = PBXFileReference; fileEncoding = 4; lastKnownFileType = sourcecode.c.objc; path = NextViewController.m; sourceTree = "<group>"; };
		61977E011EBDFBB30047228D /* MyModel2.h */ = {isa = PBXFileReference; fileEncoding = 4; lastKnownFileType = sourcecode.c.h; path = MyModel2.h; sourceTree = "<group>"; };
		61977E021EBDFBB30047228D /* MyModel2.m */ = {isa = PBXFileReference; fileEncoding = 4; lastKnownFileType = sourcecode.c.objc; path = MyModel2.m; sourceTree = "<group>"; };
		B4FC9DF2766786E775C85400 /* Pods-SnailDatabaseDemo.release.xcconfig */ = {isa = PBXFileReference; includeInIndex = 1; lastKnownFileType = text.xcconfig; name = "Pods-SnailDatabaseDemo.release.xcconfig"; path = "Pods/Target Support Files/Pods-SnailDatabaseDemo/Pods-SnailDatabaseDemo.release.xcconfig"; sourceTree = "<group>"; };
		F59729CE807BAE03D10B51A8 /* Pods-SnailDatabaseDemo.debug.xcconfig */ = {isa = PBXFileReference; includeInIndex = 1; lastKnownFileType = text.xcconfig; name = "Pods-SnailDatabaseDemo.debug.xcconfig"; path = "Pods/Target Support Files/Pods-SnailDatabaseDemo/Pods-SnailDatabaseDemo.debug.xcconfig"; sourceTree = "<group>"; };
/* End PBXFileReference section */

/* Begin PBXFrameworksBuildPhase section */
		61977DA91EB4CC5A0047228D /* Frameworks */ = {
			isa = PBXFrameworksBuildPhase;
			buildActionMask = 2147483647;
			files = (
				C48BB05BA9527DBA7C2684AF /* Pods_SnailDatabaseDemo.framework in Frameworks */,
			);
			runOnlyForDeploymentPostprocessing = 0;
		};
		61977DC21EB4CC5A0047228D /* Frameworks */ = {
			isa = PBXFrameworksBuildPhase;
			buildActionMask = 2147483647;
			files = (
			);
			runOnlyForDeploymentPostprocessing = 0;
		};
		61977DCD1EB4CC5A0047228D /* Frameworks */ = {
			isa = PBXFrameworksBuildPhase;
			buildActionMask = 2147483647;
			files = (
			);
			runOnlyForDeploymentPostprocessing = 0;
		};
/* End PBXFrameworksBuildPhase section */

/* Begin PBXGroup section */
		61977DA31EB4CC5A0047228D = {
			isa = PBXGroup;
			children = (
				61977DE21EB4CD520047228D /* SnailDatabase */,
				61977DAE1EB4CC5A0047228D /* SnailDatabaseDemo */,
				61977DC81EB4CC5A0047228D /* SnailDatabaseDemoTests */,
				61977DD31EB4CC5A0047228D /* SnailDatabaseDemoUITests */,
				61977DAD1EB4CC5A0047228D /* Products */,
				D99C6EFA9012D3DBE7228307 /* Pods */,
				8575AB8D02AA491C0E20D0D1 /* Frameworks */,
			);
			sourceTree = "<group>";
		};
		61977DAD1EB4CC5A0047228D /* Products */ = {
			isa = PBXGroup;
			children = (
				61977DAC1EB4CC5A0047228D /* SnailDatabaseDemo.app */,
				61977DC51EB4CC5A0047228D /* SnailDatabaseDemoTests.xctest */,
				61977DD01EB4CC5A0047228D /* SnailDatabaseDemoUITests.xctest */,
			);
			name = Products;
			sourceTree = "<group>";
		};
		61977DAE1EB4CC5A0047228D /* SnailDatabaseDemo */ = {
			isa = PBXGroup;
			children = (
				61977DFB1EB5D1DB0047228D /* NSDictionary+Extend.h */,
				61977DFC1EB5D1DB0047228D /* NSDictionary+Extend.m */,
				61977DF31EB54EAC0047228D /* MyModel.h */,
				61977DF41EB54EAC0047228D /* MyModel.m */,
				61977E011EBDFBB30047228D /* MyModel2.h */,
				61977E021EBDFBB30047228D /* MyModel2.m */,
				61977DB21EB4CC5A0047228D /* AppDelegate.h */,
				61977DB31EB4CC5A0047228D /* AppDelegate.m */,
				61977DB51EB4CC5A0047228D /* ViewController.h */,
				61977DB61EB4CC5A0047228D /* ViewController.m */,
				61977DFE1EB6D6DA0047228D /* NextViewController.h */,
				61977DFF1EB6D6DA0047228D /* NextViewController.m */,
				61977DB81EB4CC5A0047228D /* Main.storyboard */,
				61977DBB1EB4CC5A0047228D /* Assets.xcassets */,
				61977DBD1EB4CC5A0047228D /* LaunchScreen.storyboard */,
				61977DC01EB4CC5A0047228D /* Info.plist */,
				61977DF91EB5CC090047228D /* products.plist */,
				61977DAF1EB4CC5A0047228D /* Supporting Files */,
			);
			path = SnailDatabaseDemo;
			sourceTree = "<group>";
		};
		61977DAF1EB4CC5A0047228D /* Supporting Files */ = {
			isa = PBXGroup;
			children = (
				61977DB01EB4CC5A0047228D /* main.m */,
			);
			name = "Supporting Files";
			sourceTree = "<group>";
		};
		61977DC81EB4CC5A0047228D /* SnailDatabaseDemoTests */ = {
			isa = PBXGroup;
			children = (
				61977DC91EB4CC5A0047228D /* SnailDatabaseDemoTests.m */,
				61977DCB1EB4CC5A0047228D /* Info.plist */,
			);
			path = SnailDatabaseDemoTests;
			sourceTree = "<group>";
		};
		61977DD31EB4CC5A0047228D /* SnailDatabaseDemoUITests */ = {
			isa = PBXGroup;
			children = (
				61977DD41EB4CC5A0047228D /* SnailDatabaseDemoUITests.m */,
				61977DD61EB4CC5A0047228D /* Info.plist */,
			);
			path = SnailDatabaseDemoUITests;
			sourceTree = "<group>";
		};
		61977DE21EB4CD520047228D /* SnailDatabase */ = {
			isa = PBXGroup;
			children = (
				61977DF61EB54F3D0047228D /* NSObject+SnailDatabase.h */,
				61977DF71EB54F3D0047228D /* NSObject+SnailDatabase.m */,
				61977DEA1EB4CDDB0047228D /* SnailDatabaseProtocol.h */,
				61977DF01EB54AEC0047228D /* SnailDatabase.h */,
				61977DF11EB54AEC0047228D /* SnailDatabase.m */,
				61977DE81EB4CDDB0047228D /* SnailDatabaseFile.h */,
				61977DE91EB4CDDB0047228D /* SnailDatabaseFile.m */,
				61977DE61EB4CDDB0047228D /* NSString+SnailDatabase.h */,
				61977DE71EB4CDDB0047228D /* NSString+SnailDatabase.m */,
			);
			path = SnailDatabase;
			sourceTree = "<group>";
		};
		8575AB8D02AA491C0E20D0D1 /* Frameworks */ = {
			isa = PBXGroup;
			children = (
				1CDF38EBB23AEC1BB3B51499 /* Pods_SnailDatabaseDemo.framework */,
			);
			name = Frameworks;
			sourceTree = "<group>";
		};
		D99C6EFA9012D3DBE7228307 /* Pods */ = {
			isa = PBXGroup;
			children = (
				F59729CE807BAE03D10B51A8 /* Pods-SnailDatabaseDemo.debug.xcconfig */,
				B4FC9DF2766786E775C85400 /* Pods-SnailDatabaseDemo.release.xcconfig */,
			);
			name = Pods;
			sourceTree = "<group>";
		};
/* End PBXGroup section */

/* Begin PBXNativeTarget section */
		61977DAB1EB4CC5A0047228D /* SnailDatabaseDemo */ = {
			isa = PBXNativeTarget;
			buildConfigurationList = 61977DD91EB4CC5A0047228D /* Build configuration list for PBXNativeTarget "SnailDatabaseDemo" */;
			buildPhases = (
				E91E2DC16177BC198C4E2592 /* [CP] Check Pods Manifest.lock */,
				61977DA81EB4CC5A0047228D /* Sources */,
				61977DA91EB4CC5A0047228D /* Frameworks */,
				61977DAA1EB4CC5A0047228D /* Resources */,
				A0148393B84E8DA2055D446C /* [CP] Embed Pods Frameworks */,
				3B5F93D70692A788DAACBEDF /* [CP] Copy Pods Resources */,
			);
			buildRules = (
			);
			dependencies = (
			);
			name = SnailDatabaseDemo;
			productName = SnailDatabaseDemo;
			productReference = 61977DAC1EB4CC5A0047228D /* SnailDatabaseDemo.app */;
			productType = "com.apple.product-type.application";
		};
		61977DC41EB4CC5A0047228D /* SnailDatabaseDemoTests */ = {
			isa = PBXNativeTarget;
			buildConfigurationList = 61977DDC1EB4CC5A0047228D /* Build configuration list for PBXNativeTarget "SnailDatabaseDemoTests" */;
			buildPhases = (
				61977DC11EB4CC5A0047228D /* Sources */,
				61977DC21EB4CC5A0047228D /* Frameworks */,
				61977DC31EB4CC5A0047228D /* Resources */,
			);
			buildRules = (
			);
			dependencies = (
				61977DC71EB4CC5A0047228D /* PBXTargetDependency */,
			);
			name = SnailDatabaseDemoTests;
			productName = SnailDatabaseDemoTests;
			productReference = 61977DC51EB4CC5A0047228D /* SnailDatabaseDemoTests.xctest */;
			productType = "com.apple.product-type.bundle.unit-test";
		};
		61977DCF1EB4CC5A0047228D /* SnailDatabaseDemoUITests */ = {
			isa = PBXNativeTarget;
			buildConfigurationList = 61977DDF1EB4CC5A0047228D /* Build configuration list for PBXNativeTarget "SnailDatabaseDemoUITests" */;
			buildPhases = (
				61977DCC1EB4CC5A0047228D /* Sources */,
				61977DCD1EB4CC5A0047228D /* Frameworks */,
				61977DCE1EB4CC5A0047228D /* Resources */,
			);
			buildRules = (
			);
			dependencies = (
				61977DD21EB4CC5A0047228D /* PBXTargetDependency */,
			);
			name = SnailDatabaseDemoUITests;
			productName = SnailDatabaseDemoUITests;
			productReference = 61977DD01EB4CC5A0047228D /* SnailDatabaseDemoUITests.xctest */;
			productType = "com.apple.product-type.bundle.ui-testing";
		};
/* End PBXNativeTarget section */

/* Begin PBXProject section */
		61977DA41EB4CC5A0047228D /* Project object */ = {
			isa = PBXProject;
			attributes = {
				LastUpgradeCheck = 0830;
				ORGANIZATIONNAME = zhanghao;
				TargetAttributes = {
					61977DAB1EB4CC5A0047228D = {
						CreatedOnToolsVersion = 8.3;
						ProvisioningStyle = Automatic;
					};
					61977DC41EB4CC5A0047228D = {
						CreatedOnToolsVersion = 8.3;
						ProvisioningStyle = Automatic;
						TestTargetID = 61977DAB1EB4CC5A0047228D;
					};
					61977DCF1EB4CC5A0047228D = {
						CreatedOnToolsVersion = 8.3;
						ProvisioningStyle = Automatic;
						TestTargetID = 61977DAB1EB4CC5A0047228D;
					};
				};
			};
			buildConfigurationList = 61977DA71EB4CC5A0047228D /* Build configuration list for PBXProject "SnailDatabaseDemo" */;
			compatibilityVersion = "Xcode 3.2";
			developmentRegion = English;
			hasScannedForEncodings = 0;
			knownRegions = (
				en,
				Base,
			);
			mainGroup = 61977DA31EB4CC5A0047228D;
			productRefGroup = 61977DAD1EB4CC5A0047228D /* Products */;
			projectDirPath = "";
			projectRoot = "";
			targets = (
				61977DAB1EB4CC5A0047228D /* SnailDatabaseDemo */,
				61977DC41EB4CC5A0047228D /* SnailDatabaseDemoTests */,
				61977DCF1EB4CC5A0047228D /* SnailDatabaseDemoUITests */,
			);
		};
/* End PBXProject section */

/* Begin PBXResourcesBuildPhase section */
		61977DAA1EB4CC5A0047228D /* Resources */ = {
			isa = PBXResourcesBuildPhase;
			buildActionMask = 2147483647;
			files = (
				61977DFA1EB5CC090047228D /* products.plist in Resources */,
				61977DBF1EB4CC5A0047228D /* LaunchScreen.storyboard in Resources */,
				61977DBC1EB4CC5A0047228D /* Assets.xcassets in Resources */,
				61977DBA1EB4CC5A0047228D /* Main.storyboard in Resources */,
			);
			runOnlyForDeploymentPostprocessing = 0;
		};
		61977DC31EB4CC5A0047228D /* Resources */ = {
			isa = PBXResourcesBuildPhase;
			buildActionMask = 2147483647;
			files = (
			);
			runOnlyForDeploymentPostprocessing = 0;
		};
		61977DCE1EB4CC5A0047228D /* Resources */ = {
			isa = PBXResourcesBuildPhase;
			buildActionMask = 2147483647;
			files = (
			);
			runOnlyForDeploymentPostprocessing = 0;
		};
/* End PBXResourcesBuildPhase section */

/* Begin PBXShellScriptBuildPhase section */
		3B5F93D70692A788DAACBEDF /* [CP] Copy Pods Resources */ = {
			isa = PBXShellScriptBuildPhase;
			buildActionMask = 2147483647;
			files = (
			);
			inputPaths = (
			);
			name = "[CP] Copy Pods Resources";
			outputPaths = (
			);
			runOnlyForDeploymentPostprocessing = 0;
			shellPath = /bin/sh;
			shellScript = "\"${SRCROOT}/Pods/Target Support Files/Pods-SnailDatabaseDemo/Pods-SnailDatabaseDemo-resources.sh\"\n";
			showEnvVarsInLog = 0;
		};
		A0148393B84E8DA2055D446C /* [CP] Embed Pods Frameworks */ = {
			isa = PBXShellScriptBuildPhase;
			buildActionMask = 2147483647;
			files = (
			);
			inputPaths = (
			);
			name = "[CP] Embed Pods Frameworks";
			outputPaths = (
			);
			runOnlyForDeploymentPostprocessing = 0;
			shellPath = /bin/sh;
			shellScript = "\"${SRCROOT}/Pods/Target Support Files/Pods-SnailDatabaseDemo/Pods-SnailDatabaseDemo-frameworks.sh\"\n";
			showEnvVarsInLog = 0;
		};
		E91E2DC16177BC198C4E2592 /* [CP] Check Pods Manifest.lock */ = {
			isa = PBXShellScriptBuildPhase;
			buildActionMask = 2147483647;
			files = (
			);
			inputPaths = (
			);
			name = "[CP] Check Pods Manifest.lock";
			outputPaths = (
			);
			runOnlyForDeploymentPostprocessing = 0;
			shellPath = /bin/sh;
			shellScript = "diff \"${PODS_PODFILE_DIR_PATH}/Podfile.lock\" \"${PODS_ROOT}/Manifest.lock\" > /dev/null\nif [ $? != 0 ] ; then\n    # print error to STDERR\n    echo \"error: The sandbox is not in sync with the Podfile.lock. Run 'pod install' or update your CocoaPods installation.\" >&2\n    exit 1\nfi\n";
			showEnvVarsInLog = 0;
		};
/* End PBXShellScriptBuildPhase section */

/* Begin PBXSourcesBuildPhase section */
		61977DA81EB4CC5A0047228D /* Sources */ = {
			isa = PBXSourcesBuildPhase;
			buildActionMask = 2147483647;
			files = (
				61977DFD1EB5D1DB0047228D /* NSDictionary+Extend.m in Sources */,
				61977DF21EB54AEC0047228D /* SnailDatabase.m in Sources */,
				61977DF51EB54EAC0047228D /* MyModel.m in Sources */,
				61977DF81EB54F3D0047228D /* NSObject+SnailDatabase.m in Sources */,
				61977DEB1EB4CDDB0047228D /* NSString+SnailDatabase.m in Sources */,
				61977E031EBDFBB30047228D /* MyModel2.m in Sources */,
				61977E001EB6D6DA0047228D /* NextViewController.m in Sources */,
				61977DB71EB4CC5A0047228D /* ViewController.m in Sources */,
				61977DEC1EB4CDDB0047228D /* SnailDatabaseFile.m in Sources */,
				61977DB41EB4CC5A0047228D /* AppDelegate.m in Sources */,
				61977DB11EB4CC5A0047228D /* main.m in Sources */,
			);
			runOnlyForDeploymentPostprocessing = 0;
		};
		61977DC11EB4CC5A0047228D /* Sources */ = {
			isa = PBXSourcesBuildPhase;
			buildActionMask = 2147483647;
			files = (
				61977DCA1EB4CC5A0047228D /* SnailDatabaseDemoTests.m in Sources */,
			);
			runOnlyForDeploymentPostprocessing = 0;
		};
		61977DCC1EB4CC5A0047228D /* Sources */ = {
			isa = PBXSourcesBuildPhase;
			buildActionMask = 2147483647;
			files = (
				61977DD51EB4CC5A0047228D /* SnailDatabaseDemoUITests.m in Sources */,
			);
			runOnlyForDeploymentPostprocessing = 0;
		};
/* End PBXSourcesBuildPhase section */

/* Begin PBXTargetDependency section */
		61977DC71EB4CC5A0047228D /* PBXTargetDependency */ = {
			isa = PBXTargetDependency;
			target = 61977DAB1EB4CC5A0047228D /* SnailDatabaseDemo */;
			targetProxy = 61977DC61EB4CC5A0047228D /* PBXContainerItemProxy */;
		};
		61977DD21EB4CC5A0047228D /* PBXTargetDependency */ = {
			isa = PBXTargetDependency;
			target = 61977DAB1EB4CC5A0047228D /* SnailDatabaseDemo */;
			targetProxy = 61977DD11EB4CC5A0047228D /* PBXContainerItemProxy */;
		};
/* End PBXTargetDependency section */

/* Begin PBXVariantGroup section */
		61977DB81EB4CC5A0047228D /* Main.storyboard */ = {
			isa = PBXVariantGroup;
			children = (
				61977DB91EB4CC5A0047228D /* Base */,
			);
			name = Main.storyboard;
			sourceTree = "<group>";
		};
		61977DBD1EB4CC5A0047228D /* LaunchScreen.storyboard */ = {
			isa = PBXVariantGroup;
			children = (
				61977DBE1EB4CC5A0047228D /* Base */,
			);
			name = LaunchScreen.storyboard;
			sourceTree = "<group>";
		};
/* End PBXVariantGroup section */

/* Begin XCBuildConfiguration section */
		61977DD71EB4CC5A0047228D /* Debug */ = {
			isa = XCBuildConfiguration;
			buildSettings = {
				ALWAYS_SEARCH_USER_PATHS = NO;
				CLANG_ANALYZER_NONNULL = YES;
				CLANG_ANALYZER_NUMBER_OBJECT_CONVERSION = YES_AGGRESSIVE;
				CLANG_CXX_LANGUAGE_STANDARD = "gnu++0x";
				CLANG_CXX_LIBRARY = "libc++";
				CLANG_ENABLE_MODULES = YES;
				CLANG_ENABLE_OBJC_ARC = YES;
				CLANG_WARN_BOOL_CONVERSION = YES;
				CLANG_WARN_CONSTANT_CONVERSION = YES;
				CLANG_WARN_DIRECT_OBJC_ISA_USAGE = YES_ERROR;
				CLANG_WARN_DOCUMENTATION_COMMENTS = YES;
				CLANG_WARN_EMPTY_BODY = YES;
				CLANG_WARN_ENUM_CONVERSION = YES;
				CLANG_WARN_INFINITE_RECURSION = YES;
				CLANG_WARN_INT_CONVERSION = YES;
				CLANG_WARN_OBJC_ROOT_CLASS = YES_ERROR;
				CLANG_WARN_SUSPICIOUS_MOVE = YES;
				CLANG_WARN_UNREACHABLE_CODE = YES;
				CLANG_WARN__DUPLICATE_METHOD_MATCH = YES;
				"CODE_SIGN_IDENTITY[sdk=iphoneos*]" = "iPhone Developer";
				COPY_PHASE_STRIP = NO;
				DEBUG_INFORMATION_FORMAT = dwarf;
				ENABLE_STRICT_OBJC_MSGSEND = YES;
				ENABLE_TESTABILITY = YES;
				GCC_C_LANGUAGE_STANDARD = gnu99;
				GCC_DYNAMIC_NO_PIC = NO;
				GCC_NO_COMMON_BLOCKS = YES;
				GCC_OPTIMIZATION_LEVEL = 0;
				GCC_PREPROCESSOR_DEFINITIONS = (
					"DEBUG=1",
					"$(inherited)",
				);
				GCC_WARN_64_TO_32_BIT_CONVERSION = YES;
				GCC_WARN_ABOUT_RETURN_TYPE = YES_ERROR;
				GCC_WARN_UNDECLARED_SELECTOR = YES;
				GCC_WARN_UNINITIALIZED_AUTOS = YES_AGGRESSIVE;
				GCC_WARN_UNUSED_FUNCTION = YES;
				GCC_WARN_UNUSED_VARIABLE = YES;
				IPHONEOS_DEPLOYMENT_TARGET = 10.3;
				MTL_ENABLE_DEBUG_INFO = YES;
				ONLY_ACTIVE_ARCH = YES;
				SDKROOT = iphoneos;
				TARGETED_DEVICE_FAMILY = "1,2";
			};
			name = Debug;
		};
		61977DD81EB4CC5A0047228D /* Release */ = {
			isa = XCBuildConfiguration;
			buildSettings = {
				ALWAYS_SEARCH_USER_PATHS = NO;
				CLANG_ANALYZER_NONNULL = YES;
				CLANG_ANALYZER_NUMBER_OBJECT_CONVERSION = YES_AGGRESSIVE;
				CLANG_CXX_LANGUAGE_STANDARD = "gnu++0x";
				CLANG_CXX_LIBRARY = "libc++";
				CLANG_ENABLE_MODULES = YES;
				CLANG_ENABLE_OBJC_ARC = YES;
				CLANG_WARN_BOOL_CONVERSION = YES;
				CLANG_WARN_CONSTANT_CONVERSION = YES;
				CLANG_WARN_DIRECT_OBJC_ISA_USAGE = YES_ERROR;
				CLANG_WARN_DOCUMENTATION_COMMENTS = YES;
				CLANG_WARN_EMPTY_BODY = YES;
				CLANG_WARN_ENUM_CONVERSION = YES;
				CLANG_WARN_INFINITE_RECURSION = YES;
				CLANG_WARN_INT_CONVERSION = YES;
				CLANG_WARN_OBJC_ROOT_CLASS = YES_ERROR;
				CLANG_WARN_SUSPICIOUS_MOVE = YES;
				CLANG_WARN_UNREACHABLE_CODE = YES;
				CLANG_WARN__DUPLICATE_METHOD_MATCH = YES;
				"CODE_SIGN_IDENTITY[sdk=iphoneos*]" = "iPhone Developer";
				COPY_PHASE_STRIP = NO;
				DEBUG_INFORMATION_FORMAT = "dwarf-with-dsym";
				ENABLE_NS_ASSERTIONS = NO;
				ENABLE_STRICT_OBJC_MSGSEND = YES;
				GCC_C_LANGUAGE_STANDARD = gnu99;
				GCC_NO_COMMON_BLOCKS = YES;
				GCC_WARN_64_TO_32_BIT_CONVERSION = YES;
				GCC_WARN_ABOUT_RETURN_TYPE = YES_ERROR;
				GCC_WARN_UNDECLARED_SELECTOR = YES;
				GCC_WARN_UNINITIALIZED_AUTOS = YES_AGGRESSIVE;
				GCC_WARN_UNUSED_FUNCTION = YES;
				GCC_WARN_UNUSED_VARIABLE = YES;
				IPHONEOS_DEPLOYMENT_TARGET = 10.3;
				MTL_ENABLE_DEBUG_INFO = NO;
				SDKROOT = iphoneos;
				TARGETED_DEVICE_FAMILY = "1,2";
				VALIDATE_PRODUCT = YES;
			};
			name = Release;
		};
		61977DDA1EB4CC5A0047228D /* Debug */ = {
			isa = XCBuildConfiguration;
			baseConfigurationReference = F59729CE807BAE03D10B51A8 /* Pods-SnailDatabaseDemo.debug.xcconfig */;
			buildSettings = {
				ASSETCATALOG_COMPILER_APPICON_NAME = AppIcon;
				INFOPLIST_FILE = SnailDatabaseDemo/Info.plist;
				LD_RUNPATH_SEARCH_PATHS = "$(inherited) @executable_path/Frameworks";
				PRODUCT_BUNDLE_IDENTIFIER = Zhanghao.SnailDatabaseDemo;
				PRODUCT_NAME = "$(TARGET_NAME)";
			};
			name = Debug;
		};
		61977DDB1EB4CC5A0047228D /* Release */ = {
			isa = XCBuildConfiguration;
			baseConfigurationReference = B4FC9DF2766786E775C85400 /* Pods-SnailDatabaseDemo.release.xcconfig */;
			buildSettings = {
				ASSETCATALOG_COMPILER_APPICON_NAME = AppIcon;
				INFOPLIST_FILE = SnailDatabaseDemo/Info.plist;
				LD_RUNPATH_SEARCH_PATHS = "$(inherited) @executable_path/Frameworks";
				PRODUCT_BUNDLE_IDENTIFIER = Zhanghao.SnailDatabaseDemo;
				PRODUCT_NAME = "$(TARGET_NAME)";
			};
			name = Release;
		};
		61977DDD1EB4CC5A0047228D /* Debug */ = {
			isa = XCBuildConfiguration;
			buildSettings = {
				BUNDLE_LOADER = "$(TEST_HOST)";
				INFOPLIST_FILE = SnailDatabaseDemoTests/Info.plist;
				LD_RUNPATH_SEARCH_PATHS = "$(inherited) @executable_path/Frameworks @loader_path/Frameworks";
				PRODUCT_BUNDLE_IDENTIFIER = Zhanghao.SnailDatabaseDemoTests;
				PRODUCT_NAME = "$(TARGET_NAME)";
				TEST_HOST = "$(BUILT_PRODUCTS_DIR)/SnailDatabaseDemo.app/SnailDatabaseDemo";
			};
			name = Debug;
		};
		61977DDE1EB4CC5A0047228D /* Release */ = {
			isa = XCBuildConfiguration;
			buildSettings = {
				BUNDLE_LOADER = "$(TEST_HOST)";
				INFOPLIST_FILE = SnailDatabaseDemoTests/Info.plist;
				LD_RUNPATH_SEARCH_PATHS = "$(inherited) @executable_path/Frameworks @loader_path/Frameworks";
				PRODUCT_BUNDLE_IDENTIFIER = Zhanghao.SnailDatabaseDemoTests;
				PRODUCT_NAME = "$(TARGET_NAME)";
				TEST_HOST = "$(BUILT_PRODUCTS_DIR)/SnailDatabaseDemo.app/SnailDatabaseDemo";
			};
			name = Release;
		};
		61977DE01EB4CC5A0047228D /* Debug */ = {
			isa = XCBuildConfiguration;
			buildSettings = {
				INFOPLIST_FILE = SnailDatabaseDemoUITests/Info.plist;
				LD_RUNPATH_SEARCH_PATHS = "$(inherited) @executable_path/Frameworks @loader_path/Frameworks";
				PRODUCT_BUNDLE_IDENTIFIER = Zhanghao.SnailDatabaseDemoUITests;
				PRODUCT_NAME = "$(TARGET_NAME)";
				TEST_TARGET_NAME = SnailDatabaseDemo;
			};
			name = Debug;
		};
		61977DE11EB4CC5A0047228D /* Release */ = {
			isa = XCBuildConfiguration;
			buildSettings = {
				INFOPLIST_FILE = SnailDatabaseDemoUITests/Info.plist;
				LD_RUNPATH_SEARCH_PATHS = "$(inherited) @executable_path/Frameworks @loader_path/Frameworks";
				PRODUCT_BUNDLE_IDENTIFIER = Zhanghao.SnailDatabaseDemoUITests;
				PRODUCT_NAME = "$(TARGET_NAME)";
				TEST_TARGET_NAME = SnailDatabaseDemo;
			};
			name = Release;
		};
/* End XCBuildConfiguration section */

/* Begin XCConfigurationList section */
		61977DA71EB4CC5A0047228D /* Build configuration list for PBXProject "SnailDatabaseDemo" */ = {
			isa = XCConfigurationList;
			buildConfigurations = (
				61977DD71EB4CC5A0047228D /* Debug */,
				61977DD81EB4CC5A0047228D /* Release */,
			);
			defaultConfigurationIsVisible = 0;
			defaultConfigurationName = Release;
		};
		61977DD91EB4CC5A0047228D /* Build configuration list for PBXNativeTarget "SnailDatabaseDemo" */ = {
			isa = XCConfigurationList;
			buildConfigurations = (
				61977DDA1EB4CC5A0047228D /* Debug */,
				61977DDB1EB4CC5A0047228D /* Release */,
			);
			defaultConfigurationIsVisible = 0;
			defaultConfigurationName = Release;
		};
		61977DDC1EB4CC5A0047228D /* Build configuration list for PBXNativeTarget "SnailDatabaseDemoTests" */ = {
			isa = XCConfigurationList;
			buildConfigurations = (
				61977DDD1EB4CC5A0047228D /* Debug */,
				61977DDE1EB4CC5A0047228D /* Release */,
			);
			defaultConfigurationIsVisible = 0;
			defaultConfigurationName = Release;
		};
		61977DDF1EB4CC5A0047228D /* Build configuration list for PBXNativeTarget "SnailDatabaseDemoUITests" */ = {
			isa = XCConfigurationList;
			buildConfigurations = (
				61977DE01EB4CC5A0047228D /* Debug */,
				61977DE11EB4CC5A0047228D /* Release */,
			);
			defaultConfigurationIsVisible = 0;
			defaultConfigurationName = Release;
		};
/* End XCConfigurationList section */
	};
	rootObject = 61977DA41EB4CC5A0047228D /* Project object */;
}
